
Microsoft Visual Studio Solution File, Format Version 12.00
# Visual Studio Version 16
VisualStudioVersion = 16.0.29409.12
MinimumVisualStudioVersion = 10.0.40219.1
Project("{2150E333-8FDC-42A3-9474-1A3956D46DE8}") = "CV2", "CV2", "{AF44538E-BA1B-4AB1-9ABD-3A49369343D7}"
EndProject
Project("{9A19103F-16F7-4668-BE54-9A1E7A4F7556}") = "Visualization", "Visualization\Visualization.csproj", "{891B3A9F-CFFD-4862-8470-B69EE8638C19}"
EndProject
Project("{9A19103F-16F7-4668-BE54-9A1E7A4F7556}") = "Perceptron", "Perceptron\Perceptron.csproj", "{B732947F-6B65-403A-B503-39ED6222AB95}"
EndProject
Project("{2150E333-8FDC-42A3-9474-1A3956D46DE8}") = "CV3", "CV3", "{B3996829-DEF7-470F-A3BF-6D0AC1DB0208}"
EndProject
Project("{9A19103F-16F7-4668-BE54-9A1E7A4F7556}") = "NeuralNetwork", "NeuralNetwork\NeuralNetwork.csproj", "{19715F38-FB39-4580-80D7-8951CC054BE4}"
EndProject
Project("{9A19103F-16F7-4668-BE54-9A1E7A4F7556}") = "TestNN", "TestNN\TestNN.csproj", "{6F435AE2-B679-44D5-B473-C92E7CE70187}"
EndProject
Project("{2150E333-8FDC-42A3-9474-1A3956D46DE8}") = "CV4", "CV4", "{43A7A804-4E6D-43DD-A404-146942F47959}"
EndProject
Project("{9A19103F-16F7-4668-BE54-9A1E7A4F7556}") = "HopfieldNetwork", "HopfieldNetwork\HopfieldNetwork.csproj", "{EBC7CFC0-E925-4D42-AE87-5A9CF13BF454}"
EndProject
Project("{9A19103F-16F7-4668-BE54-9A1E7A4F7556}") = "TestApp", "TestApp\TestApp.csproj", "{55F96735-9F0C-4899-8A15-F70F6541ADA1}"
EndProject
Project("{9A19103F-16F7-4668-BE54-9A1E7A4F7556}") = "TestWpfApp", "TestWpfApp\TestWpfApp.csproj", "{D7F30355-670C-4841-A851-753B64BF507C}"
EndProject
Project("{2150E333-8FDC-42A3-9474-1A3956D46DE8}") = "CV5", "CV5", "{733CCDFA-90E6-44D6-9952-026EE8A41785}"
EndProject
Project("{FAE04EC0-301F-11D3-BF4B-00C04F79EFBC}") = "QLearning", "QLearning\QLearning.csproj", "{8D5393AB-0304-420F-B43D-7A662DD0A7D0}"
EndProject
Project("{FAE04EC0-301F-11D3-BF4B-00C04F79EFBC}") = "QLearning.Visualize", "QLearning.Visualize\QLearning.Visualize.csproj", "{819D2EC8-BDE7-4628-A389-31AB0BB28B25}"
EndProject
Global
	GlobalSection(SolutionConfigurationPlatforms) = preSolution
		Debug|Any CPU = Debug|Any CPU
		Release|Any CPU = Release|Any CPU
	EndGlobalSection
	GlobalSection(ProjectConfigurationPlatforms) = postSolution
		{891B3A9F-CFFD-4862-8470-B69EE8638C19}.Debug|Any CPU.ActiveCfg = Debug|Any CPU
		{891B3A9F-CFFD-4862-8470-B69EE8638C19}.Debug|Any CPU.Build.0 = Debug|Any CPU
		{891B3A9F-CFFD-4862-8470-B69EE8638C19}.Release|Any CPU.ActiveCfg = Release|Any CPU
		{891B3A9F-CFFD-4862-8470-B69EE8638C19}.Release|Any CPU.Build.0 = Release|Any CPU
		{B732947F-6B65-403A-B503-39ED6222AB95}.Debug|Any CPU.ActiveCfg = Debug|Any CPU
		{B732947F-6B65-403A-B503-39ED6222AB95}.Debug|Any CPU.Build.0 = Debug|Any CPU
		{B732947F-6B65-403A-B503-39ED6222AB95}.Release|Any CPU.ActiveCfg = Release|Any CPU
		{B732947F-6B65-403A-B503-39ED6222AB95}.Release|Any CPU.Build.0 = Release|Any CPU
		{19715F38-FB39-4580-80D7-8951CC054BE4}.Debug|Any CPU.ActiveCfg = Debug|Any CPU
		{19715F38-FB39-4580-80D7-8951CC054BE4}.Debug|Any CPU.Build.0 = Debug|Any CPU
		{19715F38-FB39-4580-80D7-8951CC054BE4}.Release|Any CPU.ActiveCfg = Release|Any CPU
		{19715F38-FB39-4580-80D7-8951CC054BE4}.Release|Any CPU.Build.0 = Release|Any CPU
		{6F435AE2-B679-44D5-B473-C92E7CE70187}.Debug|Any CPU.ActiveCfg = Debug|Any CPU
		{6F435AE2-B679-44D5-B473-C92E7CE70187}.Debug|Any CPU.Build.0 = Debug|Any CPU
		{6F435AE2-B679-44D5-B473-C92E7CE70187}.Release|Any CPU.ActiveCfg = Release|Any CPU
		{6F435AE2-B679-44D5-B473-C92E7CE70187}.Release|Any CPU.Build.0 = Release|Any CPU
		{EBC7CFC0-E925-4D42-AE87-5A9CF13BF454}.Debug|Any CPU.ActiveCfg = Debug|Any CPU
		{EBC7CFC0-E925-4D42-AE87-5A9CF13BF454}.Debug|Any CPU.Build.0 = Debug|Any CPU
		{EBC7CFC0-E925-4D42-AE87-5A9CF13BF454}.Release|Any CPU.ActiveCfg = Release|Any CPU
		{EBC7CFC0-E925-4D42-AE87-5A9CF13BF454}.Release|Any CPU.Build.0 = Release|Any CPU
		{55F96735-9F0C-4899-8A15-F70F6541ADA1}.Debug|Any CPU.ActiveCfg = Debug|Any CPU
		{55F96735-9F0C-4899-8A15-F70F6541ADA1}.Debug|Any CPU.Build.0 = Debug|Any CPU
		{55F96735-9F0C-4899-8A15-F70F6541ADA1}.Release|Any CPU.ActiveCfg = Release|Any CPU
		{55F96735-9F0C-4899-8A15-F70F6541ADA1}.Release|Any CPU.Build.0 = Release|Any CPU
		{D7F30355-670C-4841-A851-753B64BF507C}.Debug|Any CPU.ActiveCfg = Debug|Any CPU
		{D7F30355-670C-4841-A851-753B64BF507C}.Debug|Any CPU.Build.0 = Debug|Any CPU
		{D7F30355-670C-4841-A851-753B64BF507C}.Release|Any CPU.ActiveCfg = Release|Any CPU
		{D7F30355-670C-4841-A851-753B64BF507C}.Release|Any CPU.Build.0 = Release|Any CPU
		{8D5393AB-0304-420F-B43D-7A662DD0A7D0}.Debug|Any CPU.ActiveCfg = Debug|Any CPU
		{8D5393AB-0304-420F-B43D-7A662DD0A7D0}.Debug|Any CPU.Build.0 = Debug|Any CPU
		{8D5393AB-0304-420F-B43D-7A662DD0A7D0}.Release|Any CPU.ActiveCfg = Release|Any CPU
		{8D5393AB-0304-420F-B43D-7A662DD0A7D0}.Release|Any CPU.Build.0 = Release|Any CPU
		{819D2EC8-BDE7-4628-A389-31AB0BB28B25}.Debug|Any CPU.ActiveCfg = Debug|Any CPU
		{819D2EC8-BDE7-4628-A389-31AB0BB28B25}.Debug|Any CPU.Build.0 = Debug|Any CPU
		{819D2EC8-BDE7-4628-A389-31AB0BB28B25}.Release|Any CPU.ActiveCfg = Release|Any CPU
		{819D2EC8-BDE7-4628-A389-31AB0BB28B25}.Release|Any CPU.Build.0 = Release|Any CPU
	EndGlobalSection
	GlobalSection(SolutionProperties) = preSolution
		HideSolutionNode = FALSE
	EndGlobalSection
	GlobalSection(NestedProjects) = preSolution
		{891B3A9F-CFFD-4862-8470-B69EE8638C19} = {AF44538E-BA1B-4AB1-9ABD-3A49369343D7}
		{B732947F-6B65-403A-B503-39ED6222AB95} = {AF44538E-BA1B-4AB1-9ABD-3A49369343D7}
		{19715F38-FB39-4580-80D7-8951CC054BE4} = {B3996829-DEF7-470F-A3BF-6D0AC1DB0208}
		{6F435AE2-B679-44D5-B473-C92E7CE70187} = {B3996829-DEF7-470F-A3BF-6D0AC1DB0208}
		{EBC7CFC0-E925-4D42-AE87-5A9CF13BF454} = {43A7A804-4E6D-43DD-A404-146942F47959}
		{55F96735-9F0C-4899-8A15-F70F6541ADA1} = {43A7A804-4E6D-43DD-A404-146942F47959}
		{D7F30355-670C-4841-A851-753B64BF507C} = {43A7A804-4E6D-43DD-A404-146942F47959}
		{8D5393AB-0304-420F-B43D-7A662DD0A7D0} = {733CCDFA-90E6-44D6-9952-026EE8A41785}
		{819D2EC8-BDE7-4628-A389-31AB0BB28B25} = {733CCDFA-90E6-44D6-9952-026EE8A41785}
	EndGlobalSection
	GlobalSection(ExtensibilityGlobals) = postSolution
		SolutionGuid = {64575FFD-B42E-4184-9D1E-5AF36C924369}
	EndGlobalSection
EndGlobal
