
Microsoft Visual Studio Solution File, Format Version 12.00
# Visual Studio Version 16
VisualStudioVersion = 16.0.29409.12
MinimumVisualStudioVersion = 10.0.40219.1
Project("{2150E333-8FDC-42A3-9474-1A3956D46DE8}") = "CV2", "CV2", "{AF44538E-BA1B-4AB1-9ABD-3A49369343D7}"
EndProject
Project("{9A19103F-16F7-4668-BE54-9A1E7A4F7556}") = "Visualization", "Visualization\Visualization.csproj", "{891B3A9F-CFFD-4862-8470-B69EE8638C19}"
EndProject
Project("{9A19103F-16F7-4668-BE54-9A1E7A4F7556}") = "Perceptron", "Perceptron\Perceptron.csproj", "{B732947F-6B65-403A-B503-39ED6222AB95}"
EndProject
Global
	GlobalSection(SolutionConfigurationPlatforms) = preSolution
		Debug|Any CPU = Debug|Any CPU
		Release|Any CPU = Release|Any CPU
	EndGlobalSection
	GlobalSection(ProjectConfigurationPlatforms) = postSolution
		{891B3A9F-CFFD-4862-8470-B69EE8638C19}.Debug|Any CPU.ActiveCfg = Debug|Any CPU
		{891B3A9F-CFFD-4862-8470-B69EE8638C19}.Debug|Any CPU.Build.0 = Debug|Any CPU
		{891B3A9F-CFFD-4862-8470-B69EE8638C19}.Release|Any CPU.ActiveCfg = Release|Any CPU
		{891B3A9F-CFFD-4862-8470-B69EE8638C19}.Release|Any CPU.Build.0 = Release|Any CPU
		{B732947F-6B65-403A-B503-39ED6222AB95}.Debug|Any CPU.ActiveCfg = Debug|Any CPU
		{B732947F-6B65-403A-B503-39ED6222AB95}.Debug|Any CPU.Build.0 = Debug|Any CPU
		{B732947F-6B65-403A-B503-39ED6222AB95}.Release|Any CPU.ActiveCfg = Release|Any CPU
		{B732947F-6B65-403A-B503-39ED6222AB95}.Release|Any CPU.Build.0 = Release|Any CPU
	EndGlobalSection
	GlobalSection(SolutionProperties) = preSolution
		HideSolutionNode = FALSE
	EndGlobalSection
	GlobalSection(NestedProjects) = preSolution
		{891B3A9F-CFFD-4862-8470-B69EE8638C19} = {AF44538E-BA1B-4AB1-9ABD-3A49369343D7}
		{B732947F-6B65-403A-B503-39ED6222AB95} = {AF44538E-BA1B-4AB1-9ABD-3A49369343D7}
	EndGlobalSection
	GlobalSection(ExtensibilityGlobals) = postSolution
		SolutionGuid = {64575FFD-B42E-4184-9D1E-5AF36C924369}
	EndGlobalSection
EndGlobal
